
Microsoft Visual Studio Solution File, Format Version 12.00
# Visual Studio 15
VisualStudioVersion = 15.0.28307.421
MinimumVisualStudioVersion = 10.0.40219.1
Project("{2150E333-8FDC-42A3-9474-1A3956D46DE8}") = "src", "src", "{6CB771FB-975B-496E-9D83-33F8E6CBD087}"
EndProject
Project("{2150E333-8FDC-42A3-9474-1A3956D46DE8}") = "tests", "tests", "{E6888007-C834-4DD3-B36B-04502A3A83A0}"
EndProject
Project("{2150E333-8FDC-42A3-9474-1A3956D46DE8}") = "MobileApps", "MobileApps", "{B040B66F-7569-45E1-96EF-D9B201D932DB}"
EndProject
Project("{2150E333-8FDC-42A3-9474-1A3956D46DE8}") = "Services", "Services", "{953E5878-BF16-4526-85D3-60B85305D100}"
EndProject
Project("{2150E333-8FDC-42A3-9474-1A3956D46DE8}") = "Database", "Database", "{82759774-CD46-4250-9270-D88334671317}"
EndProject
Project("{2150E333-8FDC-42A3-9474-1A3956D46DE8}") = "Identity", "Identity", "{D702BB0B-6C23-4A43-AC8A-A1225E739273}"
EndProject
Project("{2150E333-8FDC-42A3-9474-1A3956D46DE8}") = "MasterData", "MasterData", "{B8866957-5763-433F-B321-C216AD21748F}"
EndProject
Project("{FAE04EC0-301F-11D3-BF4B-00C04F79EFBC}") = "CRMMobile.Android", "src\MobileApps\CRMMobile\CRMMobile.Android\CRMMobile.Android.csproj", "{A43AD044-5FAF-4A52-8C51-D829387186BD}"
EndProject
Project("{FAE04EC0-301F-11D3-BF4B-00C04F79EFBC}") = "CRMMobile.iOS", "src\MobileApps\CRMMobile\CRMMobile.iOS\CRMMobile.iOS.csproj", "{215E3617-F85A-403D-A1C6-FE88DC15A9C1}"
EndProject
Project("{9A19103F-16F7-4668-BE54-9A1E7A4F7556}") = "CRMMobile", "src\MobileApps\CRMMobile\CRMMobile\CRMMobile.csproj", "{3D7B4FF2-8046-4B19-98CD-830D0A65A834}"
EndProject
Project("{9A19103F-16F7-4668-BE54-9A1E7A4F7556}") = "Identity.API", "src\Services\Identity\Identity.API\Identity.API.csproj", "{63C0A33E-4D9A-4EB0-886B-CCA2C795AE92}"
EndProject
Project("{9A19103F-16F7-4668-BE54-9A1E7A4F7556}") = "MasterData.API", "src\Services\MasterData\MasterData.API\MasterData.API.csproj", "{58E6EAC7-3259-483C-8DB0-40815166EBDD}"
EndProject
Project("{9A19103F-16F7-4668-BE54-9A1E7A4F7556}") = "Database.Models", "src\Database\Database.Models\Database.Models.csproj", "{70E1111F-1614-43E4-8B54-7015AD809483}"
EndProject
Project("{9A19103F-16F7-4668-BE54-9A1E7A4F7556}") = "Database.MigrateApp", "src\Database\Database.MigrateApp\Database.MigrateApp.csproj", "{0B7ACD1A-23E4-44A1-85F8-98D8F40A8091}"
EndProject
Project("{2150E333-8FDC-42A3-9474-1A3956D46DE8}") = "Reports", "Reports", "{F7A973C4-6044-4DDB-AE17-5738F29AA08D}"
EndProject
Project("{FAE04EC0-301F-11D3-BF4B-00C04F79EFBC}") = "CRMReport", "src\Reports\CRMReport\CRMReport.csproj", "{AF4822EE-4CD3-43FF-82A6-37364ACE3115}"
EndProject
Global
	GlobalSection(SolutionConfigurationPlatforms) = preSolution
		Ad-Hoc|Any CPU = Ad-Hoc|Any CPU
		Ad-Hoc|iPhone = Ad-Hoc|iPhone
		Ad-Hoc|iPhoneSimulator = Ad-Hoc|iPhoneSimulator
		AppStore|Any CPU = AppStore|Any CPU
		AppStore|iPhone = AppStore|iPhone
		AppStore|iPhoneSimulator = AppStore|iPhoneSimulator
		Debug|Any CPU = Debug|Any CPU
		Debug|iPhone = Debug|iPhone
		Debug|iPhoneSimulator = Debug|iPhoneSimulator
		Release|Any CPU = Release|Any CPU
		Release|iPhone = Release|iPhone
		Release|iPhoneSimulator = Release|iPhoneSimulator
	EndGlobalSection
	GlobalSection(ProjectConfigurationPlatforms) = postSolution
		{A43AD044-5FAF-4A52-8C51-D829387186BD}.Ad-Hoc|Any CPU.ActiveCfg = Release|Any CPU
		{A43AD044-5FAF-4A52-8C51-D829387186BD}.Ad-Hoc|Any CPU.Build.0 = Release|Any CPU
		{A43AD044-5FAF-4A52-8C51-D829387186BD}.Ad-Hoc|Any CPU.Deploy.0 = Release|Any CPU
		{A43AD044-5FAF-4A52-8C51-D829387186BD}.Ad-Hoc|iPhone.ActiveCfg = Release|Any CPU
		{A43AD044-5FAF-4A52-8C51-D829387186BD}.Ad-Hoc|iPhone.Build.0 = Release|Any CPU
		{A43AD044-5FAF-4A52-8C51-D829387186BD}.Ad-Hoc|iPhone.Deploy.0 = Release|Any CPU
		{A43AD044-5FAF-4A52-8C51-D829387186BD}.Ad-Hoc|iPhoneSimulator.ActiveCfg = Release|Any CPU
		{A43AD044-5FAF-4A52-8C51-D829387186BD}.Ad-Hoc|iPhoneSimulator.Build.0 = Release|Any CPU
		{A43AD044-5FAF-4A52-8C51-D829387186BD}.Ad-Hoc|iPhoneSimulator.Deploy.0 = Release|Any CPU
		{A43AD044-5FAF-4A52-8C51-D829387186BD}.AppStore|Any CPU.ActiveCfg = Release|Any CPU
		{A43AD044-5FAF-4A52-8C51-D829387186BD}.AppStore|Any CPU.Build.0 = Release|Any CPU
		{A43AD044-5FAF-4A52-8C51-D829387186BD}.AppStore|Any CPU.Deploy.0 = Release|Any CPU
		{A43AD044-5FAF-4A52-8C51-D829387186BD}.AppStore|iPhone.ActiveCfg = Release|Any CPU
		{A43AD044-5FAF-4A52-8C51-D829387186BD}.AppStore|iPhone.Build.0 = Release|Any CPU
		{A43AD044-5FAF-4A52-8C51-D829387186BD}.AppStore|iPhone.Deploy.0 = Release|Any CPU
		{A43AD044-5FAF-4A52-8C51-D829387186BD}.AppStore|iPhoneSimulator.ActiveCfg = Release|Any CPU
		{A43AD044-5FAF-4A52-8C51-D829387186BD}.AppStore|iPhoneSimulator.Build.0 = Release|Any CPU
		{A43AD044-5FAF-4A52-8C51-D829387186BD}.AppStore|iPhoneSimulator.Deploy.0 = Release|Any CPU
		{A43AD044-5FAF-4A52-8C51-D829387186BD}.Debug|Any CPU.ActiveCfg = Debug|Any CPU
		{A43AD044-5FAF-4A52-8C51-D829387186BD}.Debug|Any CPU.Build.0 = Debug|Any CPU
		{A43AD044-5FAF-4A52-8C51-D829387186BD}.Debug|Any CPU.Deploy.0 = Debug|Any CPU
		{A43AD044-5FAF-4A52-8C51-D829387186BD}.Debug|iPhone.ActiveCfg = Debug|Any CPU
		{A43AD044-5FAF-4A52-8C51-D829387186BD}.Debug|iPhone.Build.0 = Debug|Any CPU
		{A43AD044-5FAF-4A52-8C51-D829387186BD}.Debug|iPhone.Deploy.0 = Debug|Any CPU
		{A43AD044-5FAF-4A52-8C51-D829387186BD}.Debug|iPhoneSimulator.ActiveCfg = Debug|Any CPU
		{A43AD044-5FAF-4A52-8C51-D829387186BD}.Debug|iPhoneSimulator.Build.0 = Debug|Any CPU
		{A43AD044-5FAF-4A52-8C51-D829387186BD}.Debug|iPhoneSimulator.Deploy.0 = Debug|Any CPU
		{A43AD044-5FAF-4A52-8C51-D829387186BD}.Release|Any CPU.ActiveCfg = Release|Any CPU
		{A43AD044-5FAF-4A52-8C51-D829387186BD}.Release|Any CPU.Build.0 = Release|Any CPU
		{A43AD044-5FAF-4A52-8C51-D829387186BD}.Release|Any CPU.Deploy.0 = Release|Any CPU
		{A43AD044-5FAF-4A52-8C51-D829387186BD}.Release|iPhone.ActiveCfg = Release|Any CPU
		{A43AD044-5FAF-4A52-8C51-D829387186BD}.Release|iPhone.Build.0 = Release|Any CPU
		{A43AD044-5FAF-4A52-8C51-D829387186BD}.Release|iPhone.Deploy.0 = Release|Any CPU
		{A43AD044-5FAF-4A52-8C51-D829387186BD}.Release|iPhoneSimulator.ActiveCfg = Release|Any CPU
		{A43AD044-5FAF-4A52-8C51-D829387186BD}.Release|iPhoneSimulator.Build.0 = Release|Any CPU
		{A43AD044-5FAF-4A52-8C51-D829387186BD}.Release|iPhoneSimulator.Deploy.0 = Release|Any CPU
		{215E3617-F85A-403D-A1C6-FE88DC15A9C1}.Ad-Hoc|Any CPU.ActiveCfg = Ad-Hoc|iPhone
		{215E3617-F85A-403D-A1C6-FE88DC15A9C1}.Ad-Hoc|iPhone.ActiveCfg = Ad-Hoc|iPhone
		{215E3617-F85A-403D-A1C6-FE88DC15A9C1}.Ad-Hoc|iPhone.Build.0 = Ad-Hoc|iPhone
		{215E3617-F85A-403D-A1C6-FE88DC15A9C1}.Ad-Hoc|iPhoneSimulator.ActiveCfg = Ad-Hoc|iPhoneSimulator
		{215E3617-F85A-403D-A1C6-FE88DC15A9C1}.Ad-Hoc|iPhoneSimulator.Build.0 = Ad-Hoc|iPhoneSimulator
		{215E3617-F85A-403D-A1C6-FE88DC15A9C1}.AppStore|Any CPU.ActiveCfg = AppStore|iPhone
		{215E3617-F85A-403D-A1C6-FE88DC15A9C1}.AppStore|iPhone.ActiveCfg = AppStore|iPhone
		{215E3617-F85A-403D-A1C6-FE88DC15A9C1}.AppStore|iPhone.Build.0 = AppStore|iPhone
		{215E3617-F85A-403D-A1C6-FE88DC15A9C1}.AppStore|iPhoneSimulator.ActiveCfg = AppStore|iPhoneSimulator
		{215E3617-F85A-403D-A1C6-FE88DC15A9C1}.AppStore|iPhoneSimulator.Build.0 = AppStore|iPhoneSimulator
		{215E3617-F85A-403D-A1C6-FE88DC15A9C1}.Debug|Any CPU.ActiveCfg = Debug|iPhone
		{215E3617-F85A-403D-A1C6-FE88DC15A9C1}.Debug|iPhone.ActiveCfg = Debug|iPhone
		{215E3617-F85A-403D-A1C6-FE88DC15A9C1}.Debug|iPhone.Build.0 = Debug|iPhone
		{215E3617-F85A-403D-A1C6-FE88DC15A9C1}.Debug|iPhoneSimulator.ActiveCfg = Debug|iPhoneSimulator
		{215E3617-F85A-403D-A1C6-FE88DC15A9C1}.Debug|iPhoneSimulator.Build.0 = Debug|iPhoneSimulator
		{215E3617-F85A-403D-A1C6-FE88DC15A9C1}.Release|Any CPU.ActiveCfg = Release|iPhone
		{215E3617-F85A-403D-A1C6-FE88DC15A9C1}.Release|iPhone.ActiveCfg = Release|iPhone
		{215E3617-F85A-403D-A1C6-FE88DC15A9C1}.Release|iPhone.Build.0 = Release|iPhone
		{215E3617-F85A-403D-A1C6-FE88DC15A9C1}.Release|iPhoneSimulator.ActiveCfg = Release|iPhoneSimulator
		{215E3617-F85A-403D-A1C6-FE88DC15A9C1}.Release|iPhoneSimulator.Build.0 = Release|iPhoneSimulator
		{3D7B4FF2-8046-4B19-98CD-830D0A65A834}.Ad-Hoc|Any CPU.ActiveCfg = Debug|Any CPU
		{3D7B4FF2-8046-4B19-98CD-830D0A65A834}.Ad-Hoc|Any CPU.Build.0 = Debug|Any CPU
		{3D7B4FF2-8046-4B19-98CD-830D0A65A834}.Ad-Hoc|iPhone.ActiveCfg = Debug|Any CPU
		{3D7B4FF2-8046-4B19-98CD-830D0A65A834}.Ad-Hoc|iPhone.Build.0 = Debug|Any CPU
		{3D7B4FF2-8046-4B19-98CD-830D0A65A834}.Ad-Hoc|iPhoneSimulator.ActiveCfg = Debug|Any CPU
		{3D7B4FF2-8046-4B19-98CD-830D0A65A834}.Ad-Hoc|iPhoneSimulator.Build.0 = Debug|Any CPU
		{3D7B4FF2-8046-4B19-98CD-830D0A65A834}.AppStore|Any CPU.ActiveCfg = Debug|Any CPU
		{3D7B4FF2-8046-4B19-98CD-830D0A65A834}.AppStore|Any CPU.Build.0 = Debug|Any CPU
		{3D7B4FF2-8046-4B19-98CD-830D0A65A834}.AppStore|iPhone.ActiveCfg = Debug|Any CPU
		{3D7B4FF2-8046-4B19-98CD-830D0A65A834}.AppStore|iPhone.Build.0 = Debug|Any CPU
		{3D7B4FF2-8046-4B19-98CD-830D0A65A834}.AppStore|iPhoneSimulator.ActiveCfg = Debug|Any CPU
		{3D7B4FF2-8046-4B19-98CD-830D0A65A834}.AppStore|iPhoneSimulator.Build.0 = Debug|Any CPU
		{3D7B4FF2-8046-4B19-98CD-830D0A65A834}.Debug|Any CPU.ActiveCfg = Debug|Any CPU
		{3D7B4FF2-8046-4B19-98CD-830D0A65A834}.Debug|Any CPU.Build.0 = Debug|Any CPU
		{3D7B4FF2-8046-4B19-98CD-830D0A65A834}.Debug|iPhone.ActiveCfg = Debug|Any CPU
		{3D7B4FF2-8046-4B19-98CD-830D0A65A834}.Debug|iPhone.Build.0 = Debug|Any CPU
		{3D7B4FF2-8046-4B19-98CD-830D0A65A834}.Debug|iPhoneSimulator.ActiveCfg = Debug|Any CPU
		{3D7B4FF2-8046-4B19-98CD-830D0A65A834}.Debug|iPhoneSimulator.Build.0 = Debug|Any CPU
		{3D7B4FF2-8046-4B19-98CD-830D0A65A834}.Release|Any CPU.ActiveCfg = Release|Any CPU
		{3D7B4FF2-8046-4B19-98CD-830D0A65A834}.Release|Any CPU.Build.0 = Release|Any CPU
		{3D7B4FF2-8046-4B19-98CD-830D0A65A834}.Release|iPhone.ActiveCfg = Release|Any CPU
		{3D7B4FF2-8046-4B19-98CD-830D0A65A834}.Release|iPhone.Build.0 = Release|Any CPU
		{3D7B4FF2-8046-4B19-98CD-830D0A65A834}.Release|iPhoneSimulator.ActiveCfg = Release|Any CPU
		{3D7B4FF2-8046-4B19-98CD-830D0A65A834}.Release|iPhoneSimulator.Build.0 = Release|Any CPU
		{63C0A33E-4D9A-4EB0-886B-CCA2C795AE92}.Ad-Hoc|Any CPU.ActiveCfg = Debug|Any CPU
		{63C0A33E-4D9A-4EB0-886B-CCA2C795AE92}.Ad-Hoc|Any CPU.Build.0 = Debug|Any CPU
		{63C0A33E-4D9A-4EB0-886B-CCA2C795AE92}.Ad-Hoc|iPhone.ActiveCfg = Debug|Any CPU
		{63C0A33E-4D9A-4EB0-886B-CCA2C795AE92}.Ad-Hoc|iPhone.Build.0 = Debug|Any CPU
		{63C0A33E-4D9A-4EB0-886B-CCA2C795AE92}.Ad-Hoc|iPhoneSimulator.ActiveCfg = Debug|Any CPU
		{63C0A33E-4D9A-4EB0-886B-CCA2C795AE92}.Ad-Hoc|iPhoneSimulator.Build.0 = Debug|Any CPU
		{63C0A33E-4D9A-4EB0-886B-CCA2C795AE92}.AppStore|Any CPU.ActiveCfg = Debug|Any CPU
		{63C0A33E-4D9A-4EB0-886B-CCA2C795AE92}.AppStore|Any CPU.Build.0 = Debug|Any CPU
		{63C0A33E-4D9A-4EB0-886B-CCA2C795AE92}.AppStore|iPhone.ActiveCfg = Debug|Any CPU
		{63C0A33E-4D9A-4EB0-886B-CCA2C795AE92}.AppStore|iPhone.Build.0 = Debug|Any CPU
		{63C0A33E-4D9A-4EB0-886B-CCA2C795AE92}.AppStore|iPhoneSimulator.ActiveCfg = Debug|Any CPU
		{63C0A33E-4D9A-4EB0-886B-CCA2C795AE92}.AppStore|iPhoneSimulator.Build.0 = Debug|Any CPU
		{63C0A33E-4D9A-4EB0-886B-CCA2C795AE92}.Debug|Any CPU.ActiveCfg = Debug|Any CPU
		{63C0A33E-4D9A-4EB0-886B-CCA2C795AE92}.Debug|Any CPU.Build.0 = Debug|Any CPU
		{63C0A33E-4D9A-4EB0-886B-CCA2C795AE92}.Debug|iPhone.ActiveCfg = Debug|Any CPU
		{63C0A33E-4D9A-4EB0-886B-CCA2C795AE92}.Debug|iPhone.Build.0 = Debug|Any CPU
		{63C0A33E-4D9A-4EB0-886B-CCA2C795AE92}.Debug|iPhoneSimulator.ActiveCfg = Debug|Any CPU
		{63C0A33E-4D9A-4EB0-886B-CCA2C795AE92}.Debug|iPhoneSimulator.Build.0 = Debug|Any CPU
		{63C0A33E-4D9A-4EB0-886B-CCA2C795AE92}.Release|Any CPU.ActiveCfg = Release|Any CPU
		{63C0A33E-4D9A-4EB0-886B-CCA2C795AE92}.Release|Any CPU.Build.0 = Release|Any CPU
		{63C0A33E-4D9A-4EB0-886B-CCA2C795AE92}.Release|iPhone.ActiveCfg = Release|Any CPU
		{63C0A33E-4D9A-4EB0-886B-CCA2C795AE92}.Release|iPhone.Build.0 = Release|Any CPU
		{63C0A33E-4D9A-4EB0-886B-CCA2C795AE92}.Release|iPhoneSimulator.ActiveCfg = Release|Any CPU
		{63C0A33E-4D9A-4EB0-886B-CCA2C795AE92}.Release|iPhoneSimulator.Build.0 = Release|Any CPU
		{58E6EAC7-3259-483C-8DB0-40815166EBDD}.Ad-Hoc|Any CPU.ActiveCfg = Debug|Any CPU
		{58E6EAC7-3259-483C-8DB0-40815166EBDD}.Ad-Hoc|Any CPU.Build.0 = Debug|Any CPU
		{58E6EAC7-3259-483C-8DB0-40815166EBDD}.Ad-Hoc|iPhone.ActiveCfg = Debug|Any CPU
		{58E6EAC7-3259-483C-8DB0-40815166EBDD}.Ad-Hoc|iPhone.Build.0 = Debug|Any CPU
		{58E6EAC7-3259-483C-8DB0-40815166EBDD}.Ad-Hoc|iPhoneSimulator.ActiveCfg = Debug|Any CPU
		{58E6EAC7-3259-483C-8DB0-40815166EBDD}.Ad-Hoc|iPhoneSimulator.Build.0 = Debug|Any CPU
		{58E6EAC7-3259-483C-8DB0-40815166EBDD}.AppStore|Any CPU.ActiveCfg = Debug|Any CPU
		{58E6EAC7-3259-483C-8DB0-40815166EBDD}.AppStore|Any CPU.Build.0 = Debug|Any CPU
		{58E6EAC7-3259-483C-8DB0-40815166EBDD}.AppStore|iPhone.ActiveCfg = Debug|Any CPU
		{58E6EAC7-3259-483C-8DB0-40815166EBDD}.AppStore|iPhone.Build.0 = Debug|Any CPU
		{58E6EAC7-3259-483C-8DB0-40815166EBDD}.AppStore|iPhoneSimulator.ActiveCfg = Debug|Any CPU
		{58E6EAC7-3259-483C-8DB0-40815166EBDD}.AppStore|iPhoneSimulator.Build.0 = Debug|Any CPU
		{58E6EAC7-3259-483C-8DB0-40815166EBDD}.Debug|Any CPU.ActiveCfg = Debug|Any CPU
		{58E6EAC7-3259-483C-8DB0-40815166EBDD}.Debug|Any CPU.Build.0 = Debug|Any CPU
		{58E6EAC7-3259-483C-8DB0-40815166EBDD}.Debug|iPhone.ActiveCfg = Debug|Any CPU
		{58E6EAC7-3259-483C-8DB0-40815166EBDD}.Debug|iPhone.Build.0 = Debug|Any CPU
		{58E6EAC7-3259-483C-8DB0-40815166EBDD}.Debug|iPhoneSimulator.ActiveCfg = Debug|Any CPU
		{58E6EAC7-3259-483C-8DB0-40815166EBDD}.Debug|iPhoneSimulator.Build.0 = Debug|Any CPU
		{58E6EAC7-3259-483C-8DB0-40815166EBDD}.Release|Any CPU.ActiveCfg = Release|Any CPU
		{58E6EAC7-3259-483C-8DB0-40815166EBDD}.Release|Any CPU.Build.0 = Release|Any CPU
		{58E6EAC7-3259-483C-8DB0-40815166EBDD}.Release|iPhone.ActiveCfg = Release|Any CPU
		{58E6EAC7-3259-483C-8DB0-40815166EBDD}.Release|iPhone.Build.0 = Release|Any CPU
		{58E6EAC7-3259-483C-8DB0-40815166EBDD}.Release|iPhoneSimulator.ActiveCfg = Release|Any CPU
		{58E6EAC7-3259-483C-8DB0-40815166EBDD}.Release|iPhoneSimulator.Build.0 = Release|Any CPU
		{70E1111F-1614-43E4-8B54-7015AD809483}.Ad-Hoc|Any CPU.ActiveCfg = Debug|Any CPU
		{70E1111F-1614-43E4-8B54-7015AD809483}.Ad-Hoc|Any CPU.Build.0 = Debug|Any CPU
		{70E1111F-1614-43E4-8B54-7015AD809483}.Ad-Hoc|iPhone.ActiveCfg = Debug|Any CPU
		{70E1111F-1614-43E4-8B54-7015AD809483}.Ad-Hoc|iPhone.Build.0 = Debug|Any CPU
		{70E1111F-1614-43E4-8B54-7015AD809483}.Ad-Hoc|iPhoneSimulator.ActiveCfg = Debug|Any CPU
		{70E1111F-1614-43E4-8B54-7015AD809483}.Ad-Hoc|iPhoneSimulator.Build.0 = Debug|Any CPU
		{70E1111F-1614-43E4-8B54-7015AD809483}.AppStore|Any CPU.ActiveCfg = Debug|Any CPU
		{70E1111F-1614-43E4-8B54-7015AD809483}.AppStore|Any CPU.Build.0 = Debug|Any CPU
		{70E1111F-1614-43E4-8B54-7015AD809483}.AppStore|iPhone.ActiveCfg = Debug|Any CPU
		{70E1111F-1614-43E4-8B54-7015AD809483}.AppStore|iPhone.Build.0 = Debug|Any CPU
		{70E1111F-1614-43E4-8B54-7015AD809483}.AppStore|iPhoneSimulator.ActiveCfg = Debug|Any CPU
		{70E1111F-1614-43E4-8B54-7015AD809483}.AppStore|iPhoneSimulator.Build.0 = Debug|Any CPU
		{70E1111F-1614-43E4-8B54-7015AD809483}.Debug|Any CPU.ActiveCfg = Debug|Any CPU
		{70E1111F-1614-43E4-8B54-7015AD809483}.Debug|Any CPU.Build.0 = Debug|Any CPU
		{70E1111F-1614-43E4-8B54-7015AD809483}.Debug|iPhone.ActiveCfg = Debug|Any CPU
		{70E1111F-1614-43E4-8B54-7015AD809483}.Debug|iPhone.Build.0 = Debug|Any CPU
		{70E1111F-1614-43E4-8B54-7015AD809483}.Debug|iPhoneSimulator.ActiveCfg = Debug|Any CPU
		{70E1111F-1614-43E4-8B54-7015AD809483}.Debug|iPhoneSimulator.Build.0 = Debug|Any CPU
		{70E1111F-1614-43E4-8B54-7015AD809483}.Release|Any CPU.ActiveCfg = Release|Any CPU
		{70E1111F-1614-43E4-8B54-7015AD809483}.Release|Any CPU.Build.0 = Release|Any CPU
		{70E1111F-1614-43E4-8B54-7015AD809483}.Release|iPhone.ActiveCfg = Release|Any CPU
		{70E1111F-1614-43E4-8B54-7015AD809483}.Release|iPhone.Build.0 = Release|Any CPU
		{70E1111F-1614-43E4-8B54-7015AD809483}.Release|iPhoneSimulator.ActiveCfg = Release|Any CPU
		{70E1111F-1614-43E4-8B54-7015AD809483}.Release|iPhoneSimulator.Build.0 = Release|Any CPU
		{0B7ACD1A-23E4-44A1-85F8-98D8F40A8091}.Ad-Hoc|Any CPU.ActiveCfg = Debug|Any CPU
		{0B7ACD1A-23E4-44A1-85F8-98D8F40A8091}.Ad-Hoc|Any CPU.Build.0 = Debug|Any CPU
		{0B7ACD1A-23E4-44A1-85F8-98D8F40A8091}.Ad-Hoc|iPhone.ActiveCfg = Debug|Any CPU
		{0B7ACD1A-23E4-44A1-85F8-98D8F40A8091}.Ad-Hoc|iPhone.Build.0 = Debug|Any CPU
		{0B7ACD1A-23E4-44A1-85F8-98D8F40A8091}.Ad-Hoc|iPhoneSimulator.ActiveCfg = Debug|Any CPU
		{0B7ACD1A-23E4-44A1-85F8-98D8F40A8091}.Ad-Hoc|iPhoneSimulator.Build.0 = Debug|Any CPU
		{0B7ACD1A-23E4-44A1-85F8-98D8F40A8091}.AppStore|Any CPU.ActiveCfg = Debug|Any CPU
		{0B7ACD1A-23E4-44A1-85F8-98D8F40A8091}.AppStore|Any CPU.Build.0 = Debug|Any CPU
		{0B7ACD1A-23E4-44A1-85F8-98D8F40A8091}.AppStore|iPhone.ActiveCfg = Debug|Any CPU
		{0B7ACD1A-23E4-44A1-85F8-98D8F40A8091}.AppStore|iPhone.Build.0 = Debug|Any CPU
		{0B7ACD1A-23E4-44A1-85F8-98D8F40A8091}.AppStore|iPhoneSimulator.ActiveCfg = Debug|Any CPU
		{0B7ACD1A-23E4-44A1-85F8-98D8F40A8091}.AppStore|iPhoneSimulator.Build.0 = Debug|Any CPU
		{0B7ACD1A-23E4-44A1-85F8-98D8F40A8091}.Debug|Any CPU.ActiveCfg = Debug|Any CPU
		{0B7ACD1A-23E4-44A1-85F8-98D8F40A8091}.Debug|Any CPU.Build.0 = Debug|Any CPU
		{0B7ACD1A-23E4-44A1-85F8-98D8F40A8091}.Debug|iPhone.ActiveCfg = Debug|Any CPU
		{0B7ACD1A-23E4-44A1-85F8-98D8F40A8091}.Debug|iPhone.Build.0 = Debug|Any CPU
		{0B7ACD1A-23E4-44A1-85F8-98D8F40A8091}.Debug|iPhoneSimulator.ActiveCfg = Debug|Any CPU
		{0B7ACD1A-23E4-44A1-85F8-98D8F40A8091}.Debug|iPhoneSimulator.Build.0 = Debug|Any CPU
		{0B7ACD1A-23E4-44A1-85F8-98D8F40A8091}.Release|Any CPU.ActiveCfg = Release|Any CPU
		{0B7ACD1A-23E4-44A1-85F8-98D8F40A8091}.Release|Any CPU.Build.0 = Release|Any CPU
		{0B7ACD1A-23E4-44A1-85F8-98D8F40A8091}.Release|iPhone.ActiveCfg = Release|Any CPU
		{0B7ACD1A-23E4-44A1-85F8-98D8F40A8091}.Release|iPhone.Build.0 = Release|Any CPU
		{0B7ACD1A-23E4-44A1-85F8-98D8F40A8091}.Release|iPhoneSimulator.ActiveCfg = Release|Any CPU
		{0B7ACD1A-23E4-44A1-85F8-98D8F40A8091}.Release|iPhoneSimulator.Build.0 = Release|Any CPU
		{64F7325B-11B4-40FF-8795-51361D1848C5}.Ad-Hoc|Any CPU.ActiveCfg = Debug|Any CPU
		{64F7325B-11B4-40FF-8795-51361D1848C5}.Ad-Hoc|Any CPU.Build.0 = Debug|Any CPU
		{64F7325B-11B4-40FF-8795-51361D1848C5}.Ad-Hoc|iPhone.ActiveCfg = Debug|Any CPU
		{64F7325B-11B4-40FF-8795-51361D1848C5}.Ad-Hoc|iPhone.Build.0 = Debug|Any CPU
		{64F7325B-11B4-40FF-8795-51361D1848C5}.Ad-Hoc|iPhoneSimulator.ActiveCfg = Debug|Any CPU
		{64F7325B-11B4-40FF-8795-51361D1848C5}.Ad-Hoc|iPhoneSimulator.Build.0 = Debug|Any CPU
		{64F7325B-11B4-40FF-8795-51361D1848C5}.AppStore|Any CPU.ActiveCfg = Debug|Any CPU
		{64F7325B-11B4-40FF-8795-51361D1848C5}.AppStore|Any CPU.Build.0 = Debug|Any CPU
		{64F7325B-11B4-40FF-8795-51361D1848C5}.AppStore|iPhone.ActiveCfg = Debug|Any CPU
		{64F7325B-11B4-40FF-8795-51361D1848C5}.AppStore|iPhone.Build.0 = Debug|Any CPU
		{64F7325B-11B4-40FF-8795-51361D1848C5}.AppStore|iPhoneSimulator.ActiveCfg = Debug|Any CPU
		{64F7325B-11B4-40FF-8795-51361D1848C5}.AppStore|iPhoneSimulator.Build.0 = Debug|Any CPU
		{64F7325B-11B4-40FF-8795-51361D1848C5}.Debug|Any CPU.ActiveCfg = Debug|Any CPU
		{64F7325B-11B4-40FF-8795-51361D1848C5}.Debug|Any CPU.Build.0 = Debug|Any CPU
		{64F7325B-11B4-40FF-8795-51361D1848C5}.Debug|iPhone.ActiveCfg = Debug|Any CPU
		{64F7325B-11B4-40FF-8795-51361D1848C5}.Debug|iPhone.Build.0 = Debug|Any CPU
		{64F7325B-11B4-40FF-8795-51361D1848C5}.Debug|iPhoneSimulator.ActiveCfg = Debug|Any CPU
		{64F7325B-11B4-40FF-8795-51361D1848C5}.Debug|iPhoneSimulator.Build.0 = Debug|Any CPU
		{64F7325B-11B4-40FF-8795-51361D1848C5}.Release|Any CPU.ActiveCfg = Release|Any CPU
		{64F7325B-11B4-40FF-8795-51361D1848C5}.Release|Any CPU.Build.0 = Release|Any CPU
		{64F7325B-11B4-40FF-8795-51361D1848C5}.Release|iPhone.ActiveCfg = Release|Any CPU
		{64F7325B-11B4-40FF-8795-51361D1848C5}.Release|iPhone.Build.0 = Release|Any CPU
		{64F7325B-11B4-40FF-8795-51361D1848C5}.Release|iPhoneSimulator.ActiveCfg = Release|Any CPU
		{64F7325B-11B4-40FF-8795-51361D1848C5}.Release|iPhoneSimulator.Build.0 = Release|Any CPU
		{748938EF-55CC-4C88-A81E-629C8EE086ED}.Ad-Hoc|Any CPU.ActiveCfg = Debug|Any CPU
		{748938EF-55CC-4C88-A81E-629C8EE086ED}.Ad-Hoc|Any CPU.Build.0 = Debug|Any CPU
		{748938EF-55CC-4C88-A81E-629C8EE086ED}.Ad-Hoc|iPhone.ActiveCfg = Debug|Any CPU
		{748938EF-55CC-4C88-A81E-629C8EE086ED}.Ad-Hoc|iPhone.Build.0 = Debug|Any CPU
		{748938EF-55CC-4C88-A81E-629C8EE086ED}.Ad-Hoc|iPhoneSimulator.ActiveCfg = Debug|Any CPU
		{748938EF-55CC-4C88-A81E-629C8EE086ED}.Ad-Hoc|iPhoneSimulator.Build.0 = Debug|Any CPU
		{748938EF-55CC-4C88-A81E-629C8EE086ED}.AppStore|Any CPU.ActiveCfg = Debug|Any CPU
		{748938EF-55CC-4C88-A81E-629C8EE086ED}.AppStore|Any CPU.Build.0 = Debug|Any CPU
		{748938EF-55CC-4C88-A81E-629C8EE086ED}.AppStore|iPhone.ActiveCfg = Debug|Any CPU
		{748938EF-55CC-4C88-A81E-629C8EE086ED}.AppStore|iPhone.Build.0 = Debug|Any CPU
		{748938EF-55CC-4C88-A81E-629C8EE086ED}.AppStore|iPhoneSimulator.ActiveCfg = Debug|Any CPU
		{748938EF-55CC-4C88-A81E-629C8EE086ED}.AppStore|iPhoneSimulator.Build.0 = Debug|Any CPU
		{748938EF-55CC-4C88-A81E-629C8EE086ED}.Debug|Any CPU.ActiveCfg = Debug|Any CPU
		{748938EF-55CC-4C88-A81E-629C8EE086ED}.Debug|Any CPU.Build.0 = Debug|Any CPU
		{748938EF-55CC-4C88-A81E-629C8EE086ED}.Debug|iPhone.ActiveCfg = Debug|Any CPU
		{748938EF-55CC-4C88-A81E-629C8EE086ED}.Debug|iPhone.Build.0 = Debug|Any CPU
		{748938EF-55CC-4C88-A81E-629C8EE086ED}.Debug|iPhoneSimulator.ActiveCfg = Debug|Any CPU
		{748938EF-55CC-4C88-A81E-629C8EE086ED}.Debug|iPhoneSimulator.Build.0 = Debug|Any CPU
		{748938EF-55CC-4C88-A81E-629C8EE086ED}.Release|Any CPU.ActiveCfg = Release|Any CPU
		{748938EF-55CC-4C88-A81E-629C8EE086ED}.Release|Any CPU.Build.0 = Release|Any CPU
		{748938EF-55CC-4C88-A81E-629C8EE086ED}.Release|iPhone.ActiveCfg = Release|Any CPU
		{748938EF-55CC-4C88-A81E-629C8EE086ED}.Release|iPhone.Build.0 = Release|Any CPU
		{748938EF-55CC-4C88-A81E-629C8EE086ED}.Release|iPhoneSimulator.ActiveCfg = Release|Any CPU
		{748938EF-55CC-4C88-A81E-629C8EE086ED}.Release|iPhoneSimulator.Build.0 = Release|Any CPU
		{F0965C00-9274-4936-8C13-36ADA344CFA3}.Ad-Hoc|Any CPU.ActiveCfg = Debug|Any CPU
		{F0965C00-9274-4936-8C13-36ADA344CFA3}.Ad-Hoc|Any CPU.Build.0 = Debug|Any CPU
		{F0965C00-9274-4936-8C13-36ADA344CFA3}.Ad-Hoc|iPhone.ActiveCfg = Debug|Any CPU
		{F0965C00-9274-4936-8C13-36ADA344CFA3}.Ad-Hoc|iPhone.Build.0 = Debug|Any CPU
		{F0965C00-9274-4936-8C13-36ADA344CFA3}.Ad-Hoc|iPhoneSimulator.ActiveCfg = Debug|Any CPU
		{F0965C00-9274-4936-8C13-36ADA344CFA3}.Ad-Hoc|iPhoneSimulator.Build.0 = Debug|Any CPU
		{F0965C00-9274-4936-8C13-36ADA344CFA3}.AppStore|Any CPU.ActiveCfg = Debug|Any CPU
		{F0965C00-9274-4936-8C13-36ADA344CFA3}.AppStore|Any CPU.Build.0 = Debug|Any CPU
		{F0965C00-9274-4936-8C13-36ADA344CFA3}.AppStore|iPhone.ActiveCfg = Debug|Any CPU
		{F0965C00-9274-4936-8C13-36ADA344CFA3}.AppStore|iPhone.Build.0 = Debug|Any CPU
		{F0965C00-9274-4936-8C13-36ADA344CFA3}.AppStore|iPhoneSimulator.ActiveCfg = Debug|Any CPU
		{F0965C00-9274-4936-8C13-36ADA344CFA3}.AppStore|iPhoneSimulator.Build.0 = Debug|Any CPU
		{F0965C00-9274-4936-8C13-36ADA344CFA3}.Debug|Any CPU.ActiveCfg = Debug|Any CPU
		{F0965C00-9274-4936-8C13-36ADA344CFA3}.Debug|Any CPU.Build.0 = Debug|Any CPU
		{F0965C00-9274-4936-8C13-36ADA344CFA3}.Debug|iPhone.ActiveCfg = Debug|Any CPU
		{F0965C00-9274-4936-8C13-36ADA344CFA3}.Debug|iPhone.Build.0 = Debug|Any CPU
		{F0965C00-9274-4936-8C13-36ADA344CFA3}.Debug|iPhoneSimulator.ActiveCfg = Debug|Any CPU
		{F0965C00-9274-4936-8C13-36ADA344CFA3}.Debug|iPhoneSimulator.Build.0 = Debug|Any CPU
		{F0965C00-9274-4936-8C13-36ADA344CFA3}.Release|Any CPU.ActiveCfg = Release|Any CPU
		{F0965C00-9274-4936-8C13-36ADA344CFA3}.Release|Any CPU.Build.0 = Release|Any CPU
		{F0965C00-9274-4936-8C13-36ADA344CFA3}.Release|iPhone.ActiveCfg = Release|Any CPU
		{F0965C00-9274-4936-8C13-36ADA344CFA3}.Release|iPhone.Build.0 = Release|Any CPU
		{F0965C00-9274-4936-8C13-36ADA344CFA3}.Release|iPhoneSimulator.ActiveCfg = Release|Any CPU
		{F0965C00-9274-4936-8C13-36ADA344CFA3}.Release|iPhoneSimulator.Build.0 = Release|Any CPU
		{3E77525E-74FD-4F8F-AFFE-4B174A70F8E1}.Ad-Hoc|Any CPU.ActiveCfg = Debug|Any CPU
		{3E77525E-74FD-4F8F-AFFE-4B174A70F8E1}.Ad-Hoc|Any CPU.Build.0 = Debug|Any CPU
		{3E77525E-74FD-4F8F-AFFE-4B174A70F8E1}.Ad-Hoc|iPhone.ActiveCfg = Debug|Any CPU
		{3E77525E-74FD-4F8F-AFFE-4B174A70F8E1}.Ad-Hoc|iPhone.Build.0 = Debug|Any CPU
		{3E77525E-74FD-4F8F-AFFE-4B174A70F8E1}.Ad-Hoc|iPhoneSimulator.ActiveCfg = Debug|Any CPU
		{3E77525E-74FD-4F8F-AFFE-4B174A70F8E1}.Ad-Hoc|iPhoneSimulator.Build.0 = Debug|Any CPU
		{3E77525E-74FD-4F8F-AFFE-4B174A70F8E1}.AppStore|Any CPU.ActiveCfg = Debug|Any CPU
		{3E77525E-74FD-4F8F-AFFE-4B174A70F8E1}.AppStore|Any CPU.Build.0 = Debug|Any CPU
		{3E77525E-74FD-4F8F-AFFE-4B174A70F8E1}.AppStore|iPhone.ActiveCfg = Debug|Any CPU
		{3E77525E-74FD-4F8F-AFFE-4B174A70F8E1}.AppStore|iPhone.Build.0 = Debug|Any CPU
		{3E77525E-74FD-4F8F-AFFE-4B174A70F8E1}.AppStore|iPhoneSimulator.ActiveCfg = Debug|Any CPU
		{3E77525E-74FD-4F8F-AFFE-4B174A70F8E1}.AppStore|iPhoneSimulator.Build.0 = Debug|Any CPU
		{3E77525E-74FD-4F8F-AFFE-4B174A70F8E1}.Debug|Any CPU.ActiveCfg = Debug|Any CPU
		{3E77525E-74FD-4F8F-AFFE-4B174A70F8E1}.Debug|Any CPU.Build.0 = Debug|Any CPU
		{3E77525E-74FD-4F8F-AFFE-4B174A70F8E1}.Debug|iPhone.ActiveCfg = Debug|Any CPU
		{3E77525E-74FD-4F8F-AFFE-4B174A70F8E1}.Debug|iPhone.Build.0 = Debug|Any CPU
		{3E77525E-74FD-4F8F-AFFE-4B174A70F8E1}.Debug|iPhoneSimulator.ActiveCfg = Debug|Any CPU
		{3E77525E-74FD-4F8F-AFFE-4B174A70F8E1}.Debug|iPhoneSimulator.Build.0 = Debug|Any CPU
		{3E77525E-74FD-4F8F-AFFE-4B174A70F8E1}.Release|Any CPU.ActiveCfg = Release|Any CPU
		{3E77525E-74FD-4F8F-AFFE-4B174A70F8E1}.Release|Any CPU.Build.0 = Release|Any CPU
		{3E77525E-74FD-4F8F-AFFE-4B174A70F8E1}.Release|iPhone.ActiveCfg = Release|Any CPU
		{3E77525E-74FD-4F8F-AFFE-4B174A70F8E1}.Release|iPhone.Build.0 = Release|Any CPU
		{3E77525E-74FD-4F8F-AFFE-4B174A70F8E1}.Release|iPhoneSimulator.ActiveCfg = Release|Any CPU
		{3E77525E-74FD-4F8F-AFFE-4B174A70F8E1}.Release|iPhoneSimulator.Build.0 = Release|Any CPU
		{376763CD-DEC8-493F-ADEA-1FD5DA779DCC}.Ad-Hoc|Any CPU.ActiveCfg = Debug|Any CPU
		{376763CD-DEC8-493F-ADEA-1FD5DA779DCC}.Ad-Hoc|Any CPU.Build.0 = Debug|Any CPU
		{376763CD-DEC8-493F-ADEA-1FD5DA779DCC}.Ad-Hoc|iPhone.ActiveCfg = Debug|Any CPU
		{376763CD-DEC8-493F-ADEA-1FD5DA779DCC}.Ad-Hoc|iPhone.Build.0 = Debug|Any CPU
		{376763CD-DEC8-493F-ADEA-1FD5DA779DCC}.Ad-Hoc|iPhoneSimulator.ActiveCfg = Debug|Any CPU
		{376763CD-DEC8-493F-ADEA-1FD5DA779DCC}.Ad-Hoc|iPhoneSimulator.Build.0 = Debug|Any CPU
		{376763CD-DEC8-493F-ADEA-1FD5DA779DCC}.AppStore|Any CPU.ActiveCfg = Debug|Any CPU
		{376763CD-DEC8-493F-ADEA-1FD5DA779DCC}.AppStore|Any CPU.Build.0 = Debug|Any CPU
		{376763CD-DEC8-493F-ADEA-1FD5DA779DCC}.AppStore|iPhone.ActiveCfg = Debug|Any CPU
		{376763CD-DEC8-493F-ADEA-1FD5DA779DCC}.AppStore|iPhone.Build.0 = Debug|Any CPU
		{376763CD-DEC8-493F-ADEA-1FD5DA779DCC}.AppStore|iPhoneSimulator.ActiveCfg = Debug|Any CPU
		{376763CD-DEC8-493F-ADEA-1FD5DA779DCC}.AppStore|iPhoneSimulator.Build.0 = Debug|Any CPU
		{376763CD-DEC8-493F-ADEA-1FD5DA779DCC}.Debug|Any CPU.ActiveCfg = Debug|Any CPU
		{376763CD-DEC8-493F-ADEA-1FD5DA779DCC}.Debug|Any CPU.Build.0 = Debug|Any CPU
		{376763CD-DEC8-493F-ADEA-1FD5DA779DCC}.Debug|iPhone.ActiveCfg = Debug|Any CPU
		{376763CD-DEC8-493F-ADEA-1FD5DA779DCC}.Debug|iPhone.Build.0 = Debug|Any CPU
		{376763CD-DEC8-493F-ADEA-1FD5DA779DCC}.Debug|iPhoneSimulator.ActiveCfg = Debug|Any CPU
		{376763CD-DEC8-493F-ADEA-1FD5DA779DCC}.Debug|iPhoneSimulator.Build.0 = Debug|Any CPU
		{376763CD-DEC8-493F-ADEA-1FD5DA779DCC}.Release|Any CPU.ActiveCfg = Release|Any CPU
		{376763CD-DEC8-493F-ADEA-1FD5DA779DCC}.Release|Any CPU.Build.0 = Release|Any CPU
		{376763CD-DEC8-493F-ADEA-1FD5DA779DCC}.Release|iPhone.ActiveCfg = Release|Any CPU
		{376763CD-DEC8-493F-ADEA-1FD5DA779DCC}.Release|iPhone.Build.0 = Release|Any CPU
		{376763CD-DEC8-493F-ADEA-1FD5DA779DCC}.Release|iPhoneSimulator.ActiveCfg = Release|Any CPU
		{376763CD-DEC8-493F-ADEA-1FD5DA779DCC}.Release|iPhoneSimulator.Build.0 = Release|Any CPU
		{C35E9C9D-C3EB-49B5-8462-7675D236927C}.Ad-Hoc|Any CPU.ActiveCfg = Debug|Any CPU
		{C35E9C9D-C3EB-49B5-8462-7675D236927C}.Ad-Hoc|Any CPU.Build.0 = Debug|Any CPU
		{C35E9C9D-C3EB-49B5-8462-7675D236927C}.Ad-Hoc|iPhone.ActiveCfg = Debug|Any CPU
		{C35E9C9D-C3EB-49B5-8462-7675D236927C}.Ad-Hoc|iPhone.Build.0 = Debug|Any CPU
		{C35E9C9D-C3EB-49B5-8462-7675D236927C}.Ad-Hoc|iPhoneSimulator.ActiveCfg = Debug|Any CPU
		{C35E9C9D-C3EB-49B5-8462-7675D236927C}.Ad-Hoc|iPhoneSimulator.Build.0 = Debug|Any CPU
		{C35E9C9D-C3EB-49B5-8462-7675D236927C}.AppStore|Any CPU.ActiveCfg = Debug|Any CPU
		{C35E9C9D-C3EB-49B5-8462-7675D236927C}.AppStore|Any CPU.Build.0 = Debug|Any CPU
		{C35E9C9D-C3EB-49B5-8462-7675D236927C}.AppStore|iPhone.ActiveCfg = Debug|Any CPU
		{C35E9C9D-C3EB-49B5-8462-7675D236927C}.AppStore|iPhone.Build.0 = Debug|Any CPU
		{C35E9C9D-C3EB-49B5-8462-7675D236927C}.AppStore|iPhoneSimulator.ActiveCfg = Debug|Any CPU
		{C35E9C9D-C3EB-49B5-8462-7675D236927C}.AppStore|iPhoneSimulator.Build.0 = Debug|Any CPU
		{C35E9C9D-C3EB-49B5-8462-7675D236927C}.Debug|Any CPU.ActiveCfg = Debug|Any CPU
		{C35E9C9D-C3EB-49B5-8462-7675D236927C}.Debug|Any CPU.Build.0 = Debug|Any CPU
		{C35E9C9D-C3EB-49B5-8462-7675D236927C}.Debug|iPhone.ActiveCfg = Debug|Any CPU
		{C35E9C9D-C3EB-49B5-8462-7675D236927C}.Debug|iPhone.Build.0 = Debug|Any CPU
		{C35E9C9D-C3EB-49B5-8462-7675D236927C}.Debug|iPhoneSimulator.ActiveCfg = Debug|Any CPU
		{C35E9C9D-C3EB-49B5-8462-7675D236927C}.Debug|iPhoneSimulator.Build.0 = Debug|Any CPU
		{C35E9C9D-C3EB-49B5-8462-7675D236927C}.Release|Any CPU.ActiveCfg = Release|Any CPU
		{C35E9C9D-C3EB-49B5-8462-7675D236927C}.Release|Any CPU.Build.0 = Release|Any CPU
		{C35E9C9D-C3EB-49B5-8462-7675D236927C}.Release|iPhone.ActiveCfg = Release|Any CPU
		{C35E9C9D-C3EB-49B5-8462-7675D236927C}.Release|iPhone.Build.0 = Release|Any CPU
		{C35E9C9D-C3EB-49B5-8462-7675D236927C}.Release|iPhoneSimulator.ActiveCfg = Release|Any CPU
		{C35E9C9D-C3EB-49B5-8462-7675D236927C}.Release|iPhoneSimulator.Build.0 = Release|Any CPU
		{5126C860-B8E8-4C30-86FB-CE787D181151}.Ad-Hoc|Any CPU.ActiveCfg = Debug|Any CPU
		{5126C860-B8E8-4C30-86FB-CE787D181151}.Ad-Hoc|Any CPU.Build.0 = Debug|Any CPU
		{5126C860-B8E8-4C30-86FB-CE787D181151}.Ad-Hoc|iPhone.ActiveCfg = Debug|Any CPU
		{5126C860-B8E8-4C30-86FB-CE787D181151}.Ad-Hoc|iPhone.Build.0 = Debug|Any CPU
		{5126C860-B8E8-4C30-86FB-CE787D181151}.Ad-Hoc|iPhoneSimulator.ActiveCfg = Debug|Any CPU
		{5126C860-B8E8-4C30-86FB-CE787D181151}.Ad-Hoc|iPhoneSimulator.Build.0 = Debug|Any CPU
		{5126C860-B8E8-4C30-86FB-CE787D181151}.AppStore|Any CPU.ActiveCfg = Debug|Any CPU
		{5126C860-B8E8-4C30-86FB-CE787D181151}.AppStore|Any CPU.Build.0 = Debug|Any CPU
		{5126C860-B8E8-4C30-86FB-CE787D181151}.AppStore|iPhone.ActiveCfg = Debug|Any CPU
		{5126C860-B8E8-4C30-86FB-CE787D181151}.AppStore|iPhone.Build.0 = Debug|Any CPU
		{5126C860-B8E8-4C30-86FB-CE787D181151}.AppStore|iPhoneSimulator.ActiveCfg = Debug|Any CPU
		{5126C860-B8E8-4C30-86FB-CE787D181151}.AppStore|iPhoneSimulator.Build.0 = Debug|Any CPU
		{5126C860-B8E8-4C30-86FB-CE787D181151}.Debug|Any CPU.ActiveCfg = Debug|Any CPU
		{5126C860-B8E8-4C30-86FB-CE787D181151}.Debug|Any CPU.Build.0 = Debug|Any CPU
		{5126C860-B8E8-4C30-86FB-CE787D181151}.Debug|iPhone.ActiveCfg = Debug|Any CPU
		{5126C860-B8E8-4C30-86FB-CE787D181151}.Debug|iPhone.Build.0 = Debug|Any CPU
		{5126C860-B8E8-4C30-86FB-CE787D181151}.Debug|iPhoneSimulator.ActiveCfg = Debug|Any CPU
		{5126C860-B8E8-4C30-86FB-CE787D181151}.Debug|iPhoneSimulator.Build.0 = Debug|Any CPU
		{5126C860-B8E8-4C30-86FB-CE787D181151}.Release|Any CPU.ActiveCfg = Release|Any CPU
		{5126C860-B8E8-4C30-86FB-CE787D181151}.Release|Any CPU.Build.0 = Release|Any CPU
		{5126C860-B8E8-4C30-86FB-CE787D181151}.Release|iPhone.ActiveCfg = Release|Any CPU
		{5126C860-B8E8-4C30-86FB-CE787D181151}.Release|iPhone.Build.0 = Release|Any CPU
		{5126C860-B8E8-4C30-86FB-CE787D181151}.Release|iPhoneSimulator.ActiveCfg = Release|Any CPU
		{5126C860-B8E8-4C30-86FB-CE787D181151}.Release|iPhoneSimulator.Build.0 = Release|Any CPU
		{25C24A43-99FE-4AB6-BC9F-EA95C040A930}.Ad-Hoc|Any CPU.ActiveCfg = Debug|Any CPU
		{25C24A43-99FE-4AB6-BC9F-EA95C040A930}.Ad-Hoc|Any CPU.Build.0 = Debug|Any CPU
		{25C24A43-99FE-4AB6-BC9F-EA95C040A930}.Ad-Hoc|iPhone.ActiveCfg = Debug|Any CPU
		{25C24A43-99FE-4AB6-BC9F-EA95C040A930}.Ad-Hoc|iPhone.Build.0 = Debug|Any CPU
		{25C24A43-99FE-4AB6-BC9F-EA95C040A930}.Ad-Hoc|iPhoneSimulator.ActiveCfg = Debug|Any CPU
		{25C24A43-99FE-4AB6-BC9F-EA95C040A930}.Ad-Hoc|iPhoneSimulator.Build.0 = Debug|Any CPU
		{25C24A43-99FE-4AB6-BC9F-EA95C040A930}.AppStore|Any CPU.ActiveCfg = Debug|Any CPU
		{25C24A43-99FE-4AB6-BC9F-EA95C040A930}.AppStore|Any CPU.Build.0 = Debug|Any CPU
		{25C24A43-99FE-4AB6-BC9F-EA95C040A930}.AppStore|iPhone.ActiveCfg = Debug|Any CPU
		{25C24A43-99FE-4AB6-BC9F-EA95C040A930}.AppStore|iPhone.Build.0 = Debug|Any CPU
		{25C24A43-99FE-4AB6-BC9F-EA95C040A930}.AppStore|iPhoneSimulator.ActiveCfg = Debug|Any CPU
		{25C24A43-99FE-4AB6-BC9F-EA95C040A930}.AppStore|iPhoneSimulator.Build.0 = Debug|Any CPU
		{25C24A43-99FE-4AB6-BC9F-EA95C040A930}.Debug|Any CPU.ActiveCfg = Debug|Any CPU
		{25C24A43-99FE-4AB6-BC9F-EA95C040A930}.Debug|Any CPU.Build.0 = Debug|Any CPU
		{25C24A43-99FE-4AB6-BC9F-EA95C040A930}.Debug|iPhone.ActiveCfg = Debug|Any CPU
		{25C24A43-99FE-4AB6-BC9F-EA95C040A930}.Debug|iPhone.Build.0 = Debug|Any CPU
		{25C24A43-99FE-4AB6-BC9F-EA95C040A930}.Debug|iPhoneSimulator.ActiveCfg = Debug|Any CPU
		{25C24A43-99FE-4AB6-BC9F-EA95C040A930}.Debug|iPhoneSimulator.Build.0 = Debug|Any CPU
		{25C24A43-99FE-4AB6-BC9F-EA95C040A930}.Release|Any CPU.ActiveCfg = Release|Any CPU
		{25C24A43-99FE-4AB6-BC9F-EA95C040A930}.Release|Any CPU.Build.0 = Release|Any CPU
		{25C24A43-99FE-4AB6-BC9F-EA95C040A930}.Release|iPhone.ActiveCfg = Release|Any CPU
		{25C24A43-99FE-4AB6-BC9F-EA95C040A930}.Release|iPhone.Build.0 = Release|Any CPU
		{25C24A43-99FE-4AB6-BC9F-EA95C040A930}.Release|iPhoneSimulator.ActiveCfg = Release|Any CPU
		{25C24A43-99FE-4AB6-BC9F-EA95C040A930}.Release|iPhoneSimulator.Build.0 = Release|Any CPU
		{ED73A962-C45F-4844-AC6D-4733473ED770}.Ad-Hoc|Any CPU.ActiveCfg = Debug|Any CPU
		{ED73A962-C45F-4844-AC6D-4733473ED770}.Ad-Hoc|Any CPU.Build.0 = Debug|Any CPU
		{ED73A962-C45F-4844-AC6D-4733473ED770}.Ad-Hoc|iPhone.ActiveCfg = Debug|Any CPU
		{ED73A962-C45F-4844-AC6D-4733473ED770}.Ad-Hoc|iPhone.Build.0 = Debug|Any CPU
		{ED73A962-C45F-4844-AC6D-4733473ED770}.Ad-Hoc|iPhoneSimulator.ActiveCfg = Debug|Any CPU
		{ED73A962-C45F-4844-AC6D-4733473ED770}.Ad-Hoc|iPhoneSimulator.Build.0 = Debug|Any CPU
		{ED73A962-C45F-4844-AC6D-4733473ED770}.AppStore|Any CPU.ActiveCfg = Debug|Any CPU
		{ED73A962-C45F-4844-AC6D-4733473ED770}.AppStore|Any CPU.Build.0 = Debug|Any CPU
		{ED73A962-C45F-4844-AC6D-4733473ED770}.AppStore|iPhone.ActiveCfg = Debug|Any CPU
		{ED73A962-C45F-4844-AC6D-4733473ED770}.AppStore|iPhone.Build.0 = Debug|Any CPU
		{ED73A962-C45F-4844-AC6D-4733473ED770}.AppStore|iPhoneSimulator.ActiveCfg = Debug|Any CPU
		{ED73A962-C45F-4844-AC6D-4733473ED770}.AppStore|iPhoneSimulator.Build.0 = Debug|Any CPU
		{ED73A962-C45F-4844-AC6D-4733473ED770}.Debug|Any CPU.ActiveCfg = Debug|Any CPU
		{ED73A962-C45F-4844-AC6D-4733473ED770}.Debug|Any CPU.Build.0 = Debug|Any CPU
		{ED73A962-C45F-4844-AC6D-4733473ED770}.Debug|iPhone.ActiveCfg = Debug|Any CPU
		{ED73A962-C45F-4844-AC6D-4733473ED770}.Debug|iPhone.Build.0 = Debug|Any CPU
		{ED73A962-C45F-4844-AC6D-4733473ED770}.Debug|iPhoneSimulator.ActiveCfg = Debug|Any CPU
		{ED73A962-C45F-4844-AC6D-4733473ED770}.Debug|iPhoneSimulator.Build.0 = Debug|Any CPU
		{ED73A962-C45F-4844-AC6D-4733473ED770}.Release|Any CPU.ActiveCfg = Release|Any CPU
		{ED73A962-C45F-4844-AC6D-4733473ED770}.Release|Any CPU.Build.0 = Release|Any CPU
		{ED73A962-C45F-4844-AC6D-4733473ED770}.Release|iPhone.ActiveCfg = Release|Any CPU
		{ED73A962-C45F-4844-AC6D-4733473ED770}.Release|iPhone.Build.0 = Release|Any CPU
		{ED73A962-C45F-4844-AC6D-4733473ED770}.Release|iPhoneSimulator.ActiveCfg = Release|Any CPU
		{ED73A962-C45F-4844-AC6D-4733473ED770}.Release|iPhoneSimulator.Build.0 = Release|Any CPU
		{436C6E4B-823B-4D1B-BEB5-8E20E122D946}.Ad-Hoc|Any CPU.ActiveCfg = Debug|Any CPU
		{436C6E4B-823B-4D1B-BEB5-8E20E122D946}.Ad-Hoc|Any CPU.Build.0 = Debug|Any CPU
		{436C6E4B-823B-4D1B-BEB5-8E20E122D946}.Ad-Hoc|iPhone.ActiveCfg = Debug|Any CPU
		{436C6E4B-823B-4D1B-BEB5-8E20E122D946}.Ad-Hoc|iPhone.Build.0 = Debug|Any CPU
		{436C6E4B-823B-4D1B-BEB5-8E20E122D946}.Ad-Hoc|iPhoneSimulator.ActiveCfg = Debug|Any CPU
		{436C6E4B-823B-4D1B-BEB5-8E20E122D946}.Ad-Hoc|iPhoneSimulator.Build.0 = Debug|Any CPU
		{436C6E4B-823B-4D1B-BEB5-8E20E122D946}.AppStore|Any CPU.ActiveCfg = Debug|Any CPU
		{436C6E4B-823B-4D1B-BEB5-8E20E122D946}.AppStore|Any CPU.Build.0 = Debug|Any CPU
		{436C6E4B-823B-4D1B-BEB5-8E20E122D946}.AppStore|iPhone.ActiveCfg = Debug|Any CPU
		{436C6E4B-823B-4D1B-BEB5-8E20E122D946}.AppStore|iPhone.Build.0 = Debug|Any CPU
		{436C6E4B-823B-4D1B-BEB5-8E20E122D946}.AppStore|iPhoneSimulator.ActiveCfg = Debug|Any CPU
		{436C6E4B-823B-4D1B-BEB5-8E20E122D946}.AppStore|iPhoneSimulator.Build.0 = Debug|Any CPU
		{436C6E4B-823B-4D1B-BEB5-8E20E122D946}.Debug|Any CPU.ActiveCfg = Debug|Any CPU
		{436C6E4B-823B-4D1B-BEB5-8E20E122D946}.Debug|Any CPU.Build.0 = Debug|Any CPU
		{436C6E4B-823B-4D1B-BEB5-8E20E122D946}.Debug|iPhone.ActiveCfg = Debug|Any CPU
		{436C6E4B-823B-4D1B-BEB5-8E20E122D946}.Debug|iPhone.Build.0 = Debug|Any CPU
		{436C6E4B-823B-4D1B-BEB5-8E20E122D946}.Debug|iPhoneSimulator.ActiveCfg = Debug|Any CPU
		{436C6E4B-823B-4D1B-BEB5-8E20E122D946}.Debug|iPhoneSimulator.Build.0 = Debug|Any CPU
		{436C6E4B-823B-4D1B-BEB5-8E20E122D946}.Release|Any CPU.ActiveCfg = Release|Any CPU
		{436C6E4B-823B-4D1B-BEB5-8E20E122D946}.Release|Any CPU.Build.0 = Release|Any CPU
		{436C6E4B-823B-4D1B-BEB5-8E20E122D946}.Release|iPhone.ActiveCfg = Release|Any CPU
		{436C6E4B-823B-4D1B-BEB5-8E20E122D946}.Release|iPhone.Build.0 = Release|Any CPU
		{436C6E4B-823B-4D1B-BEB5-8E20E122D946}.Release|iPhoneSimulator.ActiveCfg = Release|Any CPU
		{436C6E4B-823B-4D1B-BEB5-8E20E122D946}.Release|iPhoneSimulator.Build.0 = Release|Any CPU
		{E63259AD-A1AF-41F2-B8C4-C575110EC2E0}.Ad-Hoc|Any CPU.ActiveCfg = Debug|Any CPU
		{E63259AD-A1AF-41F2-B8C4-C575110EC2E0}.Ad-Hoc|Any CPU.Build.0 = Debug|Any CPU
		{E63259AD-A1AF-41F2-B8C4-C575110EC2E0}.Ad-Hoc|iPhone.ActiveCfg = Debug|Any CPU
		{E63259AD-A1AF-41F2-B8C4-C575110EC2E0}.Ad-Hoc|iPhone.Build.0 = Debug|Any CPU
		{E63259AD-A1AF-41F2-B8C4-C575110EC2E0}.Ad-Hoc|iPhoneSimulator.ActiveCfg = Debug|Any CPU
		{E63259AD-A1AF-41F2-B8C4-C575110EC2E0}.Ad-Hoc|iPhoneSimulator.Build.0 = Debug|Any CPU
		{E63259AD-A1AF-41F2-B8C4-C575110EC2E0}.AppStore|Any CPU.ActiveCfg = Debug|Any CPU
		{E63259AD-A1AF-41F2-B8C4-C575110EC2E0}.AppStore|Any CPU.Build.0 = Debug|Any CPU
		{E63259AD-A1AF-41F2-B8C4-C575110EC2E0}.AppStore|iPhone.ActiveCfg = Debug|Any CPU
		{E63259AD-A1AF-41F2-B8C4-C575110EC2E0}.AppStore|iPhone.Build.0 = Debug|Any CPU
		{E63259AD-A1AF-41F2-B8C4-C575110EC2E0}.AppStore|iPhoneSimulator.ActiveCfg = Debug|Any CPU
		{E63259AD-A1AF-41F2-B8C4-C575110EC2E0}.AppStore|iPhoneSimulator.Build.0 = Debug|Any CPU
		{E63259AD-A1AF-41F2-B8C4-C575110EC2E0}.Debug|Any CPU.ActiveCfg = Debug|Any CPU
		{E63259AD-A1AF-41F2-B8C4-C575110EC2E0}.Debug|Any CPU.Build.0 = Debug|Any CPU
		{E63259AD-A1AF-41F2-B8C4-C575110EC2E0}.Debug|iPhone.ActiveCfg = Debug|Any CPU
		{E63259AD-A1AF-41F2-B8C4-C575110EC2E0}.Debug|iPhone.Build.0 = Debug|Any CPU
		{E63259AD-A1AF-41F2-B8C4-C575110EC2E0}.Debug|iPhoneSimulator.ActiveCfg = Debug|Any CPU
		{E63259AD-A1AF-41F2-B8C4-C575110EC2E0}.Debug|iPhoneSimulator.Build.0 = Debug|Any CPU
		{E63259AD-A1AF-41F2-B8C4-C575110EC2E0}.Release|Any CPU.ActiveCfg = Release|Any CPU
		{E63259AD-A1AF-41F2-B8C4-C575110EC2E0}.Release|Any CPU.Build.0 = Release|Any CPU
		{E63259AD-A1AF-41F2-B8C4-C575110EC2E0}.Release|iPhone.ActiveCfg = Release|Any CPU
		{E63259AD-A1AF-41F2-B8C4-C575110EC2E0}.Release|iPhone.Build.0 = Release|Any CPU
		{E63259AD-A1AF-41F2-B8C4-C575110EC2E0}.Release|iPhoneSimulator.ActiveCfg = Release|Any CPU
		{E63259AD-A1AF-41F2-B8C4-C575110EC2E0}.Release|iPhoneSimulator.Build.0 = Release|Any CPU
	EndGlobalSection
	GlobalSection(SolutionProperties) = preSolution
		HideSolutionNode = FALSE
	EndGlobalSection
	GlobalSection(NestedProjects) = preSolution
		{B040B66F-7569-45E1-96EF-D9B201D932DB} = {6CB771FB-975B-496E-9D83-33F8E6CBD087}
		{953E5878-BF16-4526-85D3-60B85305D100} = {6CB771FB-975B-496E-9D83-33F8E6CBD087}
		{82759774-CD46-4250-9270-D88334671317} = {6CB771FB-975B-496E-9D83-33F8E6CBD087}
		{D702BB0B-6C23-4A43-AC8A-A1225E739273} = {953E5878-BF16-4526-85D3-60B85305D100}
		{B8866957-5763-433F-B321-C216AD21748F} = {953E5878-BF16-4526-85D3-60B85305D100}
		{A43AD044-5FAF-4A52-8C51-D829387186BD} = {B040B66F-7569-45E1-96EF-D9B201D932DB}
		{215E3617-F85A-403D-A1C6-FE88DC15A9C1} = {B040B66F-7569-45E1-96EF-D9B201D932DB}
		{3D7B4FF2-8046-4B19-98CD-830D0A65A834} = {B040B66F-7569-45E1-96EF-D9B201D932DB}
		{63C0A33E-4D9A-4EB0-886B-CCA2C795AE92} = {D702BB0B-6C23-4A43-AC8A-A1225E739273}
		{58E6EAC7-3259-483C-8DB0-40815166EBDD} = {B8866957-5763-433F-B321-C216AD21748F}
		{70E1111F-1614-43E4-8B54-7015AD809483} = {82759774-CD46-4250-9270-D88334671317}
		{0B7ACD1A-23E4-44A1-85F8-98D8F40A8091} = {82759774-CD46-4250-9270-D88334671317}
		{64F7325B-11B4-40FF-8795-51361D1848C5} = {9D1FBC21-3347-4E7E-B15D-F3721A145906}
		{70C734C9-E918-4740-A3DD-E095202C8221} = {953E5878-BF16-4526-85D3-60B85305D100}
		{C727DCF2-C527-4370-9A81-964314598387} = {953E5878-BF16-4526-85D3-60B85305D100}
		{748938EF-55CC-4C88-A81E-629C8EE086ED} = {70C734C9-E918-4740-A3DD-E095202C8221}
		{F0965C00-9274-4936-8C13-36ADA344CFA3} = {C727DCF2-C527-4370-9A81-964314598387}
		{3E77525E-74FD-4F8F-AFFE-4B174A70F8E1} = {B8866957-5763-433F-B321-C216AD21748F}
		{376763CD-DEC8-493F-ADEA-1FD5DA779DCC} = {B8866957-5763-433F-B321-C216AD21748F}
		{C35E9C9D-C3EB-49B5-8462-7675D236927C} = {B8866957-5763-433F-B321-C216AD21748F}
		{5126C860-B8E8-4C30-86FB-CE787D181151} = {C727DCF2-C527-4370-9A81-964314598387}
		{25C24A43-99FE-4AB6-BC9F-EA95C040A930} = {C727DCF2-C527-4370-9A81-964314598387}
		{ED73A962-C45F-4844-AC6D-4733473ED770} = {A6A60C4B-A210-4A8A-BB5D-C75F3C8538C5}
		{436C6E4B-823B-4D1B-BEB5-8E20E122D946} = {A6A60C4B-A210-4A8A-BB5D-C75F3C8538C5}
		{E63259AD-A1AF-41F2-B8C4-C575110EC2E0} = {A6A60C4B-A210-4A8A-BB5D-C75F3C8538C5}
	EndGlobalSection
	GlobalSection(ExtensibilityGlobals) = postSolution
		SolutionGuid = {34C6E6BF-4CC1-4026-B1E5-D979D2C85594}
	EndGlobalSection
EndGlobal
