
Microsoft Visual Studio Solution File, Format Version 12.00
# Visual Studio 15
Project("{FAE04EC0-301F-11D3-BF4B-00C04F79EFBC}") = "Core.API", "Core.API.csproj", "{D09C9A24-30A8-4E90-900D-885C0D16894C}"
EndProject
Global
	GlobalSection(SolutionConfigurationPlatforms) = preSolution
		Debug|Any CPU = Debug|Any CPU
		Release|Any CPU = Release|Any CPU
	EndGlobalSection
	GlobalSection(ProjectConfigurationPlatforms) = postSolution
		{D09C9A24-30A8-4E90-900D-885C0D16894C}.Debug|Any CPU.ActiveCfg = Debug|Any CPU
		{D09C9A24-30A8-4E90-900D-885C0D16894C}.Debug|Any CPU.Build.0 = Debug|Any CPU
		{D09C9A24-30A8-4E90-900D-885C0D16894C}.Release|Any CPU.ActiveCfg = Release|Any CPU
		{D09C9A24-30A8-4E90-900D-885C0D16894C}.Release|Any CPU.Build.0 = Release|Any CPU
	EndGlobalSection
EndGlobal
